
Microsoft Visual Studio Solution File, Format Version 11.00
# Visual Studio 2010
Project("{FAE04EC0-301F-11D3-BF4B-00C04F79EFBC}") = "Web.Mobile", "Web.Mobile\Web.Mobile.csproj", "{6594A089-E897-46BB-81B3-86C5A87A1F2C}"
EndProject
Project("{FAE04EC0-301F-11D3-BF4B-00C04F79EFBC}") = "Web.Mobile.Tests", "Web.Mobile.Tests\Web.Mobile.Tests.csproj", "{8A697D7D-DD07-4D25-99CF-3758EEF82E7B}"
EndProject
Global
	GlobalSection(SolutionConfigurationPlatforms) = preSolution
		Debug|Any CPU = Debug|Any CPU
		Release|Any CPU = Release|Any CPU
	EndGlobalSection
	GlobalSection(ProjectConfigurationPlatforms) = postSolution
		{6594A089-E897-46BB-81B3-86C5A87A1F2C}.Debug|Any CPU.ActiveCfg = Debug|Any CPU
		{6594A089-E897-46BB-81B3-86C5A87A1F2C}.Debug|Any CPU.Build.0 = Debug|Any CPU
		{6594A089-E897-46BB-81B3-86C5A87A1F2C}.Release|Any CPU.ActiveCfg = Release|Any CPU
		{6594A089-E897-46BB-81B3-86C5A87A1F2C}.Release|Any CPU.Build.0 = Release|Any CPU
		{8A697D7D-DD07-4D25-99CF-3758EEF82E7B}.Debug|Any CPU.ActiveCfg = Debug|Any CPU
		{8A697D7D-DD07-4D25-99CF-3758EEF82E7B}.Debug|Any CPU.Build.0 = Debug|Any CPU
		{8A697D7D-DD07-4D25-99CF-3758EEF82E7B}.Release|Any CPU.ActiveCfg = Release|Any CPU
		{8A697D7D-DD07-4D25-99CF-3758EEF82E7B}.Release|Any CPU.Build.0 = Release|Any CPU
	EndGlobalSection
	GlobalSection(SolutionProperties) = preSolution
		HideSolutionNode = FALSE
	EndGlobalSection
EndGlobal
